
Microsoft Visual Studio Solution File, Format Version 12.00
# Visual Studio 15
VisualStudioVersion = 15.0.27130.2036
MinimumVisualStudioVersion = 10.0.40219.1
Project("{FAE04EC0-301F-11D3-BF4B-00C04F79EFBC}") = "S3Reader", "S3Reader\S3Reader.csproj", "{A06AAAD5-F677-4202-84D7-623218E0589B}"
EndProject
Project("{FAE04EC0-301F-11D3-BF4B-00C04F79EFBC}") = "S3Reader.Domain", "S3Reader.Domain\S3Reader.Domain.csproj", "{C422D0AD-BD65-4CA0-82B8-2CF6A8E53849}"
EndProject
Project("{FAE04EC0-301F-11D3-BF4B-00C04F79EFBC}") = "S3Reader.Data", "S3Reader.Data\S3Reader.Data.csproj", "{789D8034-B8D5-4F92-9996-ECA76D01CB05}"
EndProject
Global
	GlobalSection(SolutionConfigurationPlatforms) = preSolution
		Debug|Any CPU = Debug|Any CPU
		Release|Any CPU = Release|Any CPU
	EndGlobalSection
	GlobalSection(ProjectConfigurationPlatforms) = postSolution
		{A06AAAD5-F677-4202-84D7-623218E0589B}.Debug|Any CPU.ActiveCfg = Debug|Any CPU
		{A06AAAD5-F677-4202-84D7-623218E0589B}.Debug|Any CPU.Build.0 = Debug|Any CPU
		{A06AAAD5-F677-4202-84D7-623218E0589B}.Release|Any CPU.ActiveCfg = Release|Any CPU
		{A06AAAD5-F677-4202-84D7-623218E0589B}.Release|Any CPU.Build.0 = Release|Any CPU
		{C422D0AD-BD65-4CA0-82B8-2CF6A8E53849}.Debug|Any CPU.ActiveCfg = Debug|Any CPU
		{C422D0AD-BD65-4CA0-82B8-2CF6A8E53849}.Debug|Any CPU.Build.0 = Debug|Any CPU
		{C422D0AD-BD65-4CA0-82B8-2CF6A8E53849}.Release|Any CPU.ActiveCfg = Release|Any CPU
		{C422D0AD-BD65-4CA0-82B8-2CF6A8E53849}.Release|Any CPU.Build.0 = Release|Any CPU
		{789D8034-B8D5-4F92-9996-ECA76D01CB05}.Debug|Any CPU.ActiveCfg = Debug|Any CPU
		{789D8034-B8D5-4F92-9996-ECA76D01CB05}.Debug|Any CPU.Build.0 = Debug|Any CPU
		{789D8034-B8D5-4F92-9996-ECA76D01CB05}.Release|Any CPU.ActiveCfg = Release|Any CPU
		{789D8034-B8D5-4F92-9996-ECA76D01CB05}.Release|Any CPU.Build.0 = Release|Any CPU
	EndGlobalSection
	GlobalSection(SolutionProperties) = preSolution
		HideSolutionNode = FALSE
	EndGlobalSection
	GlobalSection(ExtensibilityGlobals) = postSolution
		SolutionGuid = {432CEEA2-8259-4EC6-A06E-5C99E02448C6}
	EndGlobalSection
EndGlobal
